
Microsoft Visual Studio Solution File, Format Version 12.00
# Visual Studio Version 16
VisualStudioVersion = 16.0.30011.22
MinimumVisualStudioVersion = 10.0.40219.1
Project("{FAE04EC0-301F-11D3-BF4B-00C04F79EFBC}") = "CW", "CW\CW.csproj", "{FAD4B0AC-9B33-4A50-BCF2-598DB157256C}"
EndProject
Global
	GlobalSection(SolutionConfigurationPlatforms) = preSolution
		Debug|Any CPU = Debug|Any CPU
		Release|Any CPU = Release|Any CPU
	EndGlobalSection
	GlobalSection(ProjectConfigurationPlatforms) = postSolution
		{FAD4B0AC-9B33-4A50-BCF2-598DB157256C}.Debug|Any CPU.ActiveCfg = Debug|Any CPU
		{FAD4B0AC-9B33-4A50-BCF2-598DB157256C}.Debug|Any CPU.Build.0 = Debug|Any CPU
		{FAD4B0AC-9B33-4A50-BCF2-598DB157256C}.Release|Any CPU.ActiveCfg = Release|Any CPU
		{FAD4B0AC-9B33-4A50-BCF2-598DB157256C}.Release|Any CPU.Build.0 = Release|Any CPU
	EndGlobalSection
	GlobalSection(SolutionProperties) = preSolution
		HideSolutionNode = FALSE
	EndGlobalSection
	GlobalSection(ExtensibilityGlobals) = postSolution
		SolutionGuid = {483C6A3B-FA6A-47DC-B042-27DFBC8CF799}
	EndGlobalSection
EndGlobal
